
Microsoft Visual Studio Solution File, Format Version 12.00
Project("{FAE04EC0-301F-11D3-BF4B-00C04F79EFBC}") = "if-else", "if-else\if-else.csproj", "{F79B0D89-E262-4C3E-A78F-EE770EDE9144}"
EndProject
Project("{FAE04EC0-301F-11D3-BF4B-00C04F79EFBC}") = "Operator", "Operator\Operator.csproj", "{985071BC-014D-4DE8-88F4-542B6F1556B1}"
EndProject
Global
	GlobalSection(SolutionConfigurationPlatforms) = preSolution
		Debug|Any CPU = Debug|Any CPU
		Release|Any CPU = Release|Any CPU
	EndGlobalSection
	GlobalSection(ProjectConfigurationPlatforms) = postSolution
		{F79B0D89-E262-4C3E-A78F-EE770EDE9144}.Debug|Any CPU.ActiveCfg = Debug|Any CPU
		{F79B0D89-E262-4C3E-A78F-EE770EDE9144}.Debug|Any CPU.Build.0 = Debug|Any CPU
		{F79B0D89-E262-4C3E-A78F-EE770EDE9144}.Release|Any CPU.ActiveCfg = Release|Any CPU
		{F79B0D89-E262-4C3E-A78F-EE770EDE9144}.Release|Any CPU.Build.0 = Release|Any CPU
		{985071BC-014D-4DE8-88F4-542B6F1556B1}.Debug|Any CPU.ActiveCfg = Debug|Any CPU
		{985071BC-014D-4DE8-88F4-542B6F1556B1}.Debug|Any CPU.Build.0 = Debug|Any CPU
		{985071BC-014D-4DE8-88F4-542B6F1556B1}.Release|Any CPU.ActiveCfg = Release|Any CPU
		{985071BC-014D-4DE8-88F4-542B6F1556B1}.Release|Any CPU.Build.0 = Release|Any CPU
	EndGlobalSection
EndGlobal
