
Microsoft Visual Studio Solution File, Format Version 12.00
Project("{FAE04EC0-301F-11D3-BF4B-00C04F79EFBC}") = "if-else", "if-else\if-else.csproj", "{F79B0D89-E262-4C3E-A78F-EE770EDE9144}"
EndProject
Project("{FAE04EC0-301F-11D3-BF4B-00C04F79EFBC}") = "Operator", "Operator\Operator.csproj", "{985071BC-014D-4DE8-88F4-542B6F1556B1}"
EndProject
Project("{FAE04EC0-301F-11D3-BF4B-00C04F79EFBC}") = "Switch", "Switch\Switch.csproj", "{66A08A12-286E-474E-B170-D72A1D6D8265}"
EndProject
Project("{FAE04EC0-301F-11D3-BF4B-00C04F79EFBC}") = "For", "For\For.csproj", "{DEB63195-81C1-40F8-A796-C9C55DE6C29F}"
EndProject
Project("{FAE04EC0-301F-11D3-BF4B-00C04F79EFBC}") = "While", "While\While.csproj", "{2EEFC1E7-4633-4675-AE31-FF12FACC1C22}"
EndProject
Project("{FAE04EC0-301F-11D3-BF4B-00C04F79EFBC}") = "homework1", "homework1\homework1.csproj", "{C3DE2005-562C-45B9-A303-0FD0E3F7A8FC}"
EndProject
Project("{FAE04EC0-301F-11D3-BF4B-00C04F79EFBC}") = "homework2", "homework2\homework2.csproj", "{C06A4174-789B-4AD9-85A5-D069AA29855D}"
EndProject
Project("{FAE04EC0-301F-11D3-BF4B-00C04F79EFBC}") = "forEachExample", "forEachExample\forEachExample.csproj", "{0184B7A5-86B1-483B-A443-9D60B3480FD7}"
EndProject
Project("{FAE04EC0-301F-11D3-BF4B-00C04F79EFBC}") = "Foreachhw", "Foreachhw\Foreachhw.csproj", "{D1C94F0C-1937-42F8-B233-E5B0E1E25996}"
EndProject
Project("{FAE04EC0-301F-11D3-BF4B-00C04F79EFBC}") = "refout", "refout\refout.csproj", "{ECBA8352-5C91-45CD-AF98-3E3A9FBF8ACE}"
EndProject
Project("{FAE04EC0-301F-11D3-BF4B-00C04F79EFBC}") = "refout2", "refout2\refout2.csproj", "{05770DEA-1808-43E6-A20A-ED3B608FC9B5}"
EndProject
Project("{FAE04EC0-301F-11D3-BF4B-00C04F79EFBC}") = "refout3", "refout3\refout3.csproj", "{1006ED0D-D5F3-4820-87E7-5064E6A17CFB}"
EndProject
Project("{FAE04EC0-301F-11D3-BF4B-00C04F79EFBC}") = "Refout4", "Refout4\Refout4.csproj", "{7F58B578-F02D-4FB9-90C7-BDFBA04EB58C}"
EndProject
Project("{FAE04EC0-301F-11D3-BF4B-00C04F79EFBC}") = "classdeeper", "classdeeper\classdeeper.csproj", "{9919F7AB-B93F-4BD9-AD1D-539D6AD3E9AD}"
EndProject
Project("{FAE04EC0-301F-11D3-BF4B-00C04F79EFBC}") = "classdeeper2", "classdeeper2\classdeeper2.csproj", "{A85779F5-6F61-43FF-9D24-A525D7ED9BFD}"
EndProject
Project("{FAE04EC0-301F-11D3-BF4B-00C04F79EFBC}") = "classdeeper3", "classdeeper3\classdeeper3.csproj", "{31D96AAE-64D8-4728-BDC3-2DCABA98D02D}"
EndProject
Project("{FAE04EC0-301F-11D3-BF4B-00C04F79EFBC}") = "classdeeper4", "classdeeper4\classdeeper4.csproj", "{9EE3489E-7021-43F1-9E0D-449EC119624C}"
EndProject
Project("{FAE04EC0-301F-11D3-BF4B-00C04F79EFBC}") = "Inheritance", "Inheritance\Inheritance.csproj", "{A453540F-BC03-4F3D-8171-013AEFD1F865}"
EndProject
Project("{FAE04EC0-301F-11D3-BF4B-00C04F79EFBC}") = "Method", "Method\Method.csproj", "{DDFFD464-538F-4FE3-8E61-49669A146F0C}"
EndProject
Project("{FAE04EC0-301F-11D3-BF4B-00C04F79EFBC}") = "Abstract", "Abstract\Abstract.csproj", "{A0443450-37EA-4D67-96F9-7E33F6037D36}"
EndProject
Global
	GlobalSection(SolutionConfigurationPlatforms) = preSolution
		Debug|Any CPU = Debug|Any CPU
		Release|Any CPU = Release|Any CPU
	EndGlobalSection
	GlobalSection(ProjectConfigurationPlatforms) = postSolution
		{F79B0D89-E262-4C3E-A78F-EE770EDE9144}.Debug|Any CPU.ActiveCfg = Debug|Any CPU
		{F79B0D89-E262-4C3E-A78F-EE770EDE9144}.Debug|Any CPU.Build.0 = Debug|Any CPU
		{F79B0D89-E262-4C3E-A78F-EE770EDE9144}.Release|Any CPU.ActiveCfg = Release|Any CPU
		{F79B0D89-E262-4C3E-A78F-EE770EDE9144}.Release|Any CPU.Build.0 = Release|Any CPU
		{985071BC-014D-4DE8-88F4-542B6F1556B1}.Debug|Any CPU.ActiveCfg = Debug|Any CPU
		{985071BC-014D-4DE8-88F4-542B6F1556B1}.Debug|Any CPU.Build.0 = Debug|Any CPU
		{985071BC-014D-4DE8-88F4-542B6F1556B1}.Release|Any CPU.ActiveCfg = Release|Any CPU
		{985071BC-014D-4DE8-88F4-542B6F1556B1}.Release|Any CPU.Build.0 = Release|Any CPU
		{66A08A12-286E-474E-B170-D72A1D6D8265}.Debug|Any CPU.ActiveCfg = Debug|Any CPU
		{66A08A12-286E-474E-B170-D72A1D6D8265}.Debug|Any CPU.Build.0 = Debug|Any CPU
		{66A08A12-286E-474E-B170-D72A1D6D8265}.Release|Any CPU.ActiveCfg = Release|Any CPU
		{66A08A12-286E-474E-B170-D72A1D6D8265}.Release|Any CPU.Build.0 = Release|Any CPU
		{DEB63195-81C1-40F8-A796-C9C55DE6C29F}.Debug|Any CPU.ActiveCfg = Debug|Any CPU
		{DEB63195-81C1-40F8-A796-C9C55DE6C29F}.Debug|Any CPU.Build.0 = Debug|Any CPU
		{DEB63195-81C1-40F8-A796-C9C55DE6C29F}.Release|Any CPU.ActiveCfg = Release|Any CPU
		{DEB63195-81C1-40F8-A796-C9C55DE6C29F}.Release|Any CPU.Build.0 = Release|Any CPU
		{2EEFC1E7-4633-4675-AE31-FF12FACC1C22}.Debug|Any CPU.ActiveCfg = Debug|Any CPU
		{2EEFC1E7-4633-4675-AE31-FF12FACC1C22}.Debug|Any CPU.Build.0 = Debug|Any CPU
		{2EEFC1E7-4633-4675-AE31-FF12FACC1C22}.Release|Any CPU.ActiveCfg = Release|Any CPU
		{2EEFC1E7-4633-4675-AE31-FF12FACC1C22}.Release|Any CPU.Build.0 = Release|Any CPU
		{C3DE2005-562C-45B9-A303-0FD0E3F7A8FC}.Debug|Any CPU.ActiveCfg = Debug|Any CPU
		{C3DE2005-562C-45B9-A303-0FD0E3F7A8FC}.Debug|Any CPU.Build.0 = Debug|Any CPU
		{C3DE2005-562C-45B9-A303-0FD0E3F7A8FC}.Release|Any CPU.ActiveCfg = Release|Any CPU
		{C3DE2005-562C-45B9-A303-0FD0E3F7A8FC}.Release|Any CPU.Build.0 = Release|Any CPU
		{C06A4174-789B-4AD9-85A5-D069AA29855D}.Debug|Any CPU.ActiveCfg = Debug|Any CPU
		{C06A4174-789B-4AD9-85A5-D069AA29855D}.Debug|Any CPU.Build.0 = Debug|Any CPU
		{C06A4174-789B-4AD9-85A5-D069AA29855D}.Release|Any CPU.ActiveCfg = Release|Any CPU
		{C06A4174-789B-4AD9-85A5-D069AA29855D}.Release|Any CPU.Build.0 = Release|Any CPU
		{0184B7A5-86B1-483B-A443-9D60B3480FD7}.Debug|Any CPU.ActiveCfg = Debug|Any CPU
		{0184B7A5-86B1-483B-A443-9D60B3480FD7}.Debug|Any CPU.Build.0 = Debug|Any CPU
		{0184B7A5-86B1-483B-A443-9D60B3480FD7}.Release|Any CPU.ActiveCfg = Release|Any CPU
		{0184B7A5-86B1-483B-A443-9D60B3480FD7}.Release|Any CPU.Build.0 = Release|Any CPU
		{D1C94F0C-1937-42F8-B233-E5B0E1E25996}.Debug|Any CPU.ActiveCfg = Debug|Any CPU
		{D1C94F0C-1937-42F8-B233-E5B0E1E25996}.Debug|Any CPU.Build.0 = Debug|Any CPU
		{D1C94F0C-1937-42F8-B233-E5B0E1E25996}.Release|Any CPU.ActiveCfg = Release|Any CPU
		{D1C94F0C-1937-42F8-B233-E5B0E1E25996}.Release|Any CPU.Build.0 = Release|Any CPU
		{ECBA8352-5C91-45CD-AF98-3E3A9FBF8ACE}.Debug|Any CPU.ActiveCfg = Debug|Any CPU
		{ECBA8352-5C91-45CD-AF98-3E3A9FBF8ACE}.Debug|Any CPU.Build.0 = Debug|Any CPU
		{ECBA8352-5C91-45CD-AF98-3E3A9FBF8ACE}.Release|Any CPU.ActiveCfg = Release|Any CPU
		{ECBA8352-5C91-45CD-AF98-3E3A9FBF8ACE}.Release|Any CPU.Build.0 = Release|Any CPU
		{05770DEA-1808-43E6-A20A-ED3B608FC9B5}.Debug|Any CPU.ActiveCfg = Debug|Any CPU
		{05770DEA-1808-43E6-A20A-ED3B608FC9B5}.Debug|Any CPU.Build.0 = Debug|Any CPU
		{05770DEA-1808-43E6-A20A-ED3B608FC9B5}.Release|Any CPU.ActiveCfg = Release|Any CPU
		{05770DEA-1808-43E6-A20A-ED3B608FC9B5}.Release|Any CPU.Build.0 = Release|Any CPU
		{1006ED0D-D5F3-4820-87E7-5064E6A17CFB}.Debug|Any CPU.ActiveCfg = Debug|Any CPU
		{1006ED0D-D5F3-4820-87E7-5064E6A17CFB}.Debug|Any CPU.Build.0 = Debug|Any CPU
		{1006ED0D-D5F3-4820-87E7-5064E6A17CFB}.Release|Any CPU.ActiveCfg = Release|Any CPU
		{1006ED0D-D5F3-4820-87E7-5064E6A17CFB}.Release|Any CPU.Build.0 = Release|Any CPU
		{7F58B578-F02D-4FB9-90C7-BDFBA04EB58C}.Debug|Any CPU.ActiveCfg = Debug|Any CPU
		{7F58B578-F02D-4FB9-90C7-BDFBA04EB58C}.Debug|Any CPU.Build.0 = Debug|Any CPU
		{7F58B578-F02D-4FB9-90C7-BDFBA04EB58C}.Release|Any CPU.ActiveCfg = Release|Any CPU
		{7F58B578-F02D-4FB9-90C7-BDFBA04EB58C}.Release|Any CPU.Build.0 = Release|Any CPU
		{9919F7AB-B93F-4BD9-AD1D-539D6AD3E9AD}.Debug|Any CPU.ActiveCfg = Debug|Any CPU
		{9919F7AB-B93F-4BD9-AD1D-539D6AD3E9AD}.Debug|Any CPU.Build.0 = Debug|Any CPU
		{9919F7AB-B93F-4BD9-AD1D-539D6AD3E9AD}.Release|Any CPU.ActiveCfg = Release|Any CPU
		{9919F7AB-B93F-4BD9-AD1D-539D6AD3E9AD}.Release|Any CPU.Build.0 = Release|Any CPU
		{A85779F5-6F61-43FF-9D24-A525D7ED9BFD}.Debug|Any CPU.ActiveCfg = Debug|Any CPU
		{A85779F5-6F61-43FF-9D24-A525D7ED9BFD}.Debug|Any CPU.Build.0 = Debug|Any CPU
		{A85779F5-6F61-43FF-9D24-A525D7ED9BFD}.Release|Any CPU.ActiveCfg = Release|Any CPU
		{A85779F5-6F61-43FF-9D24-A525D7ED9BFD}.Release|Any CPU.Build.0 = Release|Any CPU
		{31D96AAE-64D8-4728-BDC3-2DCABA98D02D}.Debug|Any CPU.ActiveCfg = Debug|Any CPU
		{31D96AAE-64D8-4728-BDC3-2DCABA98D02D}.Debug|Any CPU.Build.0 = Debug|Any CPU
		{31D96AAE-64D8-4728-BDC3-2DCABA98D02D}.Release|Any CPU.ActiveCfg = Release|Any CPU
		{31D96AAE-64D8-4728-BDC3-2DCABA98D02D}.Release|Any CPU.Build.0 = Release|Any CPU
		{9EE3489E-7021-43F1-9E0D-449EC119624C}.Debug|Any CPU.ActiveCfg = Debug|Any CPU
		{9EE3489E-7021-43F1-9E0D-449EC119624C}.Debug|Any CPU.Build.0 = Debug|Any CPU
		{9EE3489E-7021-43F1-9E0D-449EC119624C}.Release|Any CPU.ActiveCfg = Release|Any CPU
		{9EE3489E-7021-43F1-9E0D-449EC119624C}.Release|Any CPU.Build.0 = Release|Any CPU
		{A453540F-BC03-4F3D-8171-013AEFD1F865}.Debug|Any CPU.ActiveCfg = Debug|Any CPU
		{A453540F-BC03-4F3D-8171-013AEFD1F865}.Debug|Any CPU.Build.0 = Debug|Any CPU
		{A453540F-BC03-4F3D-8171-013AEFD1F865}.Release|Any CPU.ActiveCfg = Release|Any CPU
		{A453540F-BC03-4F3D-8171-013AEFD1F865}.Release|Any CPU.Build.0 = Release|Any CPU
		{DDFFD464-538F-4FE3-8E61-49669A146F0C}.Debug|Any CPU.ActiveCfg = Debug|Any CPU
		{DDFFD464-538F-4FE3-8E61-49669A146F0C}.Debug|Any CPU.Build.0 = Debug|Any CPU
		{DDFFD464-538F-4FE3-8E61-49669A146F0C}.Release|Any CPU.ActiveCfg = Release|Any CPU
		{DDFFD464-538F-4FE3-8E61-49669A146F0C}.Release|Any CPU.Build.0 = Release|Any CPU
		{A0443450-37EA-4D67-96F9-7E33F6037D36}.Debug|Any CPU.ActiveCfg = Debug|Any CPU
		{A0443450-37EA-4D67-96F9-7E33F6037D36}.Debug|Any CPU.Build.0 = Debug|Any CPU
		{A0443450-37EA-4D67-96F9-7E33F6037D36}.Release|Any CPU.ActiveCfg = Release|Any CPU
		{A0443450-37EA-4D67-96F9-7E33F6037D36}.Release|Any CPU.Build.0 = Release|Any CPU
	EndGlobalSection
EndGlobal
